
Microsoft Visual Studio Solution File, Format Version 12.00
# Visual Studio Version 17
VisualStudioVersion = 17.5.33627.172
MinimumVisualStudioVersion = 10.0.40219.1
Project("{9A19103F-16F7-4668-BE54-9A1E7A4F7556}") = "FoodMessages", "FoodMessages\FoodMessages.csproj", "{48BD428C-165C-4BFF-B011-7B590B0E8A67}"
EndProject
Project("{FAE04EC0-301F-11D3-BF4B-00C04F79EFBC}") = "FoodMessages.Tests", "FoodMessages.Tests\FoodMessages.Tests.csproj", "{432E7DFF-27C2-4CA3-AE2A-5465F5FE055D}"
EndProject
Global
	GlobalSection(SolutionConfigurationPlatforms) = preSolution
		Debug|Any CPU = Debug|Any CPU
		Release|Any CPU = Release|Any CPU
	EndGlobalSection
	GlobalSection(ProjectConfigurationPlatforms) = postSolution
		{48BD428C-165C-4BFF-B011-7B590B0E8A67}.Debug|Any CPU.ActiveCfg = Debug|Any CPU
		{48BD428C-165C-4BFF-B011-7B590B0E8A67}.Debug|Any CPU.Build.0 = Debug|Any CPU
		{48BD428C-165C-4BFF-B011-7B590B0E8A67}.Release|Any CPU.ActiveCfg = Release|Any CPU
		{48BD428C-165C-4BFF-B011-7B590B0E8A67}.Release|Any CPU.Build.0 = Release|Any CPU
		{432E7DFF-27C2-4CA3-AE2A-5465F5FE055D}.Debug|Any CPU.ActiveCfg = Debug|Any CPU
		{432E7DFF-27C2-4CA3-AE2A-5465F5FE055D}.Debug|Any CPU.Build.0 = Debug|Any CPU
		{432E7DFF-27C2-4CA3-AE2A-5465F5FE055D}.Release|Any CPU.ActiveCfg = Release|Any CPU
		{432E7DFF-27C2-4CA3-AE2A-5465F5FE055D}.Release|Any CPU.Build.0 = Release|Any CPU
	EndGlobalSection
	GlobalSection(SolutionProperties) = preSolution
		HideSolutionNode = FALSE
	EndGlobalSection
	GlobalSection(ExtensibilityGlobals) = postSolution
		SolutionGuid = {29246FF7-08BA-40DD-8314-CA182A942587}
	EndGlobalSection
EndGlobal
